<?xml version="1.0" encoding="utf-8"?>
<Project ToolsVersion="4.0" xmlns="http://schemas.microsoft.com/developer/msbuild/2003">
  <ItemGroup>
    <Filter Include="Source Files">
      <UniqueIdentifier>{4FC737F1-C7A5-4376-A066-2A32D752A2FF}</UniqueIdentifier>
      <Extensions>cpp;c;cc;cxx;c++;cppm;ixx;def;odl;idl;hpj;bat;asm;asmx</Extensions>
    </Filter>
    <Filter Include="Header Files">
      <UniqueIdentifier>{93995380-89BD-4b04-88EB-625FBE52EBFB}</UniqueIdentifier>
      <Extensions>h;hh;hpp;hxx;h++;hm;inl;inc;ipp;xsd</Extensions>
    </Filter>
    <Filter Include="Resource Files">
      <UniqueIdentifier>{67DA6AB6-F800-4c08-8B7A-83BB121AAD01}</UniqueIdentifier>
      <Extensions>rc;ico;cur;bmp;dlg;rc2;rct;bin;rgs;gif;jpg;jpeg;jpe;resx;tiff;tif;png;wav;mfcribbon-ms</Extensions>
    </Filter>
    <Filter Include="Resource Files\ImGui">
      <UniqueIdentifier>{8d0a4c48-40e2-4a30-9708-92fd45479cc9}</UniqueIdentifier>
    </Filter>
    <Filter Include="Resource Files\MinHook">
      <UniqueIdentifier>{15b18e27-8390-4fe5-a4aa-c3e42dbc65c4}</UniqueIdentifier>
    </Filter>
    <Filter Include="Resource Files\SDK">
      <UniqueIdentifier>{c128ebd4-d447-41d8-bc8d-4e07fdd2c2fe}</UniqueIdentifier>
    </Filter>
  </ItemGroup>
  <ItemGroup>
    <ClInclude Include="pch.h">
      <Filter>Header Files</Filter>
    </ClInclude>
    <ClInclude Include="include\Engine.h">
      <Filter>Header Files</Filter>
    </ClInclude>
    <ClInclude Include="include\Obfuscate.h">
      <Filter>Header Files</Filter>
    </ClInclude>
    <ClInclude Include="include\Menu.h">
      <Filter>Header Files</Filter>
    </ClInclude>
    <ClInclude Include="include\CVars.h">
      <Filter>Header Files</Filter>
    </ClInclude>
    <ClInclude Include="include\Lazy.h">
      <Filter>Header Files</Filter>
    </ClInclude>
    <ClInclude Include="libs\MinHook\MinHook.h">
      <Filter>Resource Files\MinHook</Filter>
    </ClInclude>
    <ClInclude Include="include\UECore.h">
      <Filter>Resource Files\SDK</Filter>
    </ClInclude>
    <ClInclude Include="include\SDK.h">
      <Filter>Resource Files\SDK</Filter>
    </ClInclude>
    <ClInclude Include="include\Memory.h">
      <Filter>Header Files</Filter>
    </ClInclude>
    <ClInclude Include="include\Drawing.h">
      <Filter>Header Files</Filter>
    </ClInclude>
    <ClInclude Include="include\Feature.h">
      <Filter>Header Files</Filter>
    </ClInclude>
    <ClInclude Include="include\Spoofer.h">
      <Filter>Header Files</Filter>
    </ClInclude>
  </ItemGroup>
  <ItemGroup>
    <ClCompile Include="dllmain.cpp">
      <Filter>Source Files</Filter>
    </ClCompile>
    <ClCompile Include="pch.cpp">
      <Filter>Source Files</Filter>
    </ClCompile>
    <ClCompile Include="src\Engine.cpp">
      <Filter>Source Files</Filter>
    </ClCompile>
    <ClCompile Include="libs\ImGui\imgui_draw.cpp">
      <Filter>Resource Files\ImGui</Filter>
    </ClCompile>
    <ClCompile Include="libs\ImGui\imgui_impl_dx11.cpp">
      <Filter>Resource Files\ImGui</Filter>
    </ClCompile>
    <ClCompile Include="libs\ImGui\imgui_impl_win32.cpp">
      <Filter>Resource Files\ImGui</Filter>
    </ClCompile>
    <ClCompile Include="libs\ImGui\imgui_tables.cpp">
      <Filter>Resource Files\ImGui</Filter>
    </ClCompile>
    <ClCompile Include="libs\ImGui\imgui_widgets.cpp">
      <Filter>Resource Files\ImGui</Filter>
    </ClCompile>
    <ClCompile Include="libs\ImGui\imgui_demo.cpp">
      <Filter>Resource Files\ImGui</Filter>
    </ClCompile>
    <ClCompile Include="src\Menu.cpp">
      <Filter>Source Files</Filter>
    </ClCompile>
    <ClCompile Include="src\CVars.cpp">
      <Filter>Source Files</Filter>
    </ClCompile>
    <ClCompile Include="src.cpp">
      <Filter>Source Files</Filter>
    </ClCompile>
    <ClCompile Include="libs\ImGui\imgui.cpp">
      <Filter>Resource Files\ImGui</Filter>
    </ClCompile>
    <ClCompile Include="src\UECore.cpp">
      <Filter>Resource Files\SDK</Filter>
    </ClCompile>
    <ClCompile Include="src\SDK.cpp">
      <Filter>Resource Files\SDK</Filter>
    </ClCompile>
    <ClCompile Include="src\Memory.cpp">
      <Filter>Source Files</Filter>
    </ClCompile>
    <ClCompile Include="src\Drawing.cpp">
      <Filter>Source Files</Filter>
    </ClCompile>
    <ClCompile Include="src\Feature.cpp">
      <Filter>Source Files</Filter>
    </ClCompile>
  </ItemGroup>
  <ItemGroup>
    <MASM Include="include\Spoofer.asm">
      <Filter>Source Files</Filter>
    </MASM>
  </ItemGroup>
</Project>